
Microsoft Visual Studio Solution File, Format Version 12.00
# Visual Studio Version 17
VisualStudioVersion = 17.11.35303.130
MinimumVisualStudioVersion = 10.0.40219.1
Project("{9A19103F-16F7-4668-BE54-9A1E7A4F7556}") = "Tyuiu.RogovAYu.Sprint3", "Tyuiu.RogovAYu.Sprint3\Tyuiu.RogovAYu.Sprint3.csproj", "{DDFEA6BF-9C1D-4E83-BB38-2C1EC46DC2B1}"
EndProject
Project("{2150E333-8FDC-42A3-9474-1A3956D46DE8}") = "Task0", "Task0", "{82649A75-8820-4503-808C-8DF1F907774C}"
EndProject
Project("{2150E333-8FDC-42A3-9474-1A3956D46DE8}") = "Task1", "Task1", "{99C94D48-0FC6-45B7-B702-CA2DDF082788}"
EndProject
Project("{2150E333-8FDC-42A3-9474-1A3956D46DE8}") = "Task2", "Task2", "{F23A3775-17D9-4138-BBA4-F4201FDE76D0}"
EndProject
Project("{2150E333-8FDC-42A3-9474-1A3956D46DE8}") = "Task3", "Task3", "{0292DA7C-4B5B-46DE-8A97-DE84B47F87D8}"
EndProject
Project("{2150E333-8FDC-42A3-9474-1A3956D46DE8}") = "Task4", "Task4", "{8A15BDF2-F352-41F7-B55A-1932C9527B8A}"
EndProject
Project("{2150E333-8FDC-42A3-9474-1A3956D46DE8}") = "Task5", "Task5", "{7A3DB6B6-DE3E-4C03-A0F1-5B9EEBB22C70}"
EndProject
Project("{2150E333-8FDC-42A3-9474-1A3956D46DE8}") = "Task6", "Task6", "{282F4055-38EF-4BF4-8959-EC520C704B20}"
EndProject
Project("{2150E333-8FDC-42A3-9474-1A3956D46DE8}") = "Task7", "Task7", "{D3866DEE-6133-4399-8EB1-2EFCEEE9CAEF}"
EndProject
Project("{9A19103F-16F7-4668-BE54-9A1E7A4F7556}") = "Tyuiu.RogovAYu.Sprint3.Task0.V9.Test", "Tyuiu.RogovAYu.Sprint3.Task0.V9.Test\Tyuiu.RogovAYu.Sprint3.Task0.V9.Test.csproj", "{FED916CA-AECC-4761-B910-39A17AC70299}"
EndProject
Project("{9A19103F-16F7-4668-BE54-9A1E7A4F7556}") = "Tyuiu.RogovAYu.Sprint3.Task0.V9.Lib", "Tyuiu.RogovAYu.Sprint3.Task0.V9.Lib\Tyuiu.RogovAYu.Sprint3.Task0.V9.Lib.csproj", "{ED1F6CD9-C3BA-4D27-8AC8-06DA1DEF7521}"
EndProject
Project("{9A19103F-16F7-4668-BE54-9A1E7A4F7556}") = "Tyuiu.RogovAYu.Sprint3.Task0.V9", "Tyuiu.RogovAYu.Sprint3.Task0.V9\Tyuiu.RogovAYu.Sprint3.Task0.V9.csproj", "{A328B893-0CCA-43C4-BEED-EAD8DC35D131}"
EndProject
Project("{9A19103F-16F7-4668-BE54-9A1E7A4F7556}") = "Tyuiu.RogovAYu.Sprint3.Task1.V21.Test", "Tyuiu.RogovAYu.Sprint3.Task1.V21.Test\Tyuiu.RogovAYu.Sprint3.Task1.V21.Test.csproj", "{171C46C6-845F-49E7-B849-521123471D66}"
EndProject
Project("{9A19103F-16F7-4668-BE54-9A1E7A4F7556}") = "Tyuiu.RogovAYu.Sprint3.Task1.V21.Lib", "Tyuiu.RogovAYu.Sprint3.Task1.V21.Lib\Tyuiu.RogovAYu.Sprint3.Task1.V21.Lib.csproj", "{7A02DFBB-0B9B-4D6B-8427-13D676D3E42A}"
EndProject
Project("{9A19103F-16F7-4668-BE54-9A1E7A4F7556}") = "Tyuiu.RogovAYu.Sprint3.Task1.V21", "Tyuiu.RogovAYu.Sprint3.Task1.V21\Tyuiu.RogovAYu.Sprint3.Task1.V21.csproj", "{729FC256-8FCE-4CD7-AB76-0387CA011256}"
EndProject
Project("{9A19103F-16F7-4668-BE54-9A1E7A4F7556}") = "Tyuiu.RogovAYu.Sprint3.Task2.V14.Test", "Tyuiu.RogovAYu.Sprint3.Task2.V14.Test\Tyuiu.RogovAYu.Sprint3.Task2.V14.Test.csproj", "{ED39778A-75A7-4361-9139-3FC98512A731}"
EndProject
Project("{9A19103F-16F7-4668-BE54-9A1E7A4F7556}") = "Tyuiu.RogovAYu.Sprint3.Task2.V14.Lib", "Tyuiu.RogovAYu.Sprint3.Task2.V14.Lib\Tyuiu.RogovAYu.Sprint3.Task2.V14.Lib.csproj", "{1B982108-5B6A-41DE-8F33-71B4D3A2AFF4}"
EndProject
Project("{9A19103F-16F7-4668-BE54-9A1E7A4F7556}") = "Tyuiu.RogovAYu.Sprint3.Task2.V14", "Tyuiu.RogovAYu.Sprint3.Task2.V14\Tyuiu.RogovAYu.Sprint3.Task2.V14.csproj", "{7E7E0BCE-C3CE-488A-A66E-A05CCDD7EF82}"
EndProject
Project("{9A19103F-16F7-4668-BE54-9A1E7A4F7556}") = "Tyuiu.RogovAYu.Sprint3.Task3.V24.Test", "Tyuiu.RogovAYu.Sprint3.Task3.V24.Test\Tyuiu.RogovAYu.Sprint3.Task3.V24.Test.csproj", "{6886EB29-BE1A-4E09-8DD2-E411302DFBAD}"
EndProject
Project("{9A19103F-16F7-4668-BE54-9A1E7A4F7556}") = "Tyuiu.RogovAYu.Sprint3.Task3.V24.Lib", "Tyuiu.RogovAYu.Sprint3.Task3.V24.Lib\Tyuiu.RogovAYu.Sprint3.Task3.V24.Lib.csproj", "{68866E01-02C7-4126-A27B-B25D93DD0F11}"
EndProject
Project("{9A19103F-16F7-4668-BE54-9A1E7A4F7556}") = "Tyuiu.RogovAYu.Sprint3.Task3.V24", "Tyuiu.RogovAYu.Sprint3.Task3.V24\Tyuiu.RogovAYu.Sprint3.Task3.V24.csproj", "{3A2626F0-A955-4448-9F40-5862AA99F2F7}"
EndProject
Project("{9A19103F-16F7-4668-BE54-9A1E7A4F7556}") = "Tyuiu.RogovAYu.Sprint3.Task4.V10.Test", "Tyuiu.RogovAYu.Sprint3.Task4.V10.Test\Tyuiu.RogovAYu.Sprint3.Task4.V10.Test.csproj", "{909C33AD-912E-4740-A789-4F5387B9FF5B}"
EndProject
Project("{9A19103F-16F7-4668-BE54-9A1E7A4F7556}") = "Tyuiu.RogovAYu.Sprint3.Task4.V10.Lib", "Tyuiu.RogovAYu.Sprint3.Task4.V10.Lib\Tyuiu.RogovAYu.Sprint3.Task4.V10.Lib.csproj", "{FE2C80FC-C1A1-49BB-8FFE-2922D5372DAE}"
EndProject
Project("{9A19103F-16F7-4668-BE54-9A1E7A4F7556}") = "Tyuiu.RogovAYu.Sprint3.Task4.V10", "Tyuiu.RogovAYu.Sprint3.Task4.V10\Tyuiu.RogovAYu.Sprint3.Task4.V10.csproj", "{3AF099CF-72AD-44F2-AD14-0EA8D878674A}"
EndProject
Project("{9A19103F-16F7-4668-BE54-9A1E7A4F7556}") = "Tyuiu.RogovAYu.Sprint3.Task5.V11.Lib", "Tyuiu.RogovAYu.Sprint3.Task5.V11.Lib\Tyuiu.RogovAYu.Sprint3.Task5.V11.Lib.csproj", "{80B489D9-3165-4AD5-B244-6BBD17902159}"
EndProject
Project("{9A19103F-16F7-4668-BE54-9A1E7A4F7556}") = "Tyuiu.RogovAYu.Sprint3.Task5.V11", "Tyuiu.RogovAYu.Sprint3.Task5.V11\Tyuiu.RogovAYu.Sprint3.Task5.V11.csproj", "{971543A1-265D-49CB-94D9-3FDFEA726475}"
EndProject
Project("{9A19103F-16F7-4668-BE54-9A1E7A4F7556}") = "Tyuiu.RogovAYu.Sprint3.Task5.V11.Test", "Tyuiu.RogovAYu.Sprint3.Task5.V11.Test\Tyuiu.RogovAYu.Sprint3.Task5.V11.Test.csproj", "{4981646D-5E00-44C6-B248-5C5577B21BDE}"
EndProject
Global
	GlobalSection(SolutionConfigurationPlatforms) = preSolution
		Debug|Any CPU = Debug|Any CPU
		Release|Any CPU = Release|Any CPU
	EndGlobalSection
	GlobalSection(ProjectConfigurationPlatforms) = postSolution
		{DDFEA6BF-9C1D-4E83-BB38-2C1EC46DC2B1}.Debug|Any CPU.ActiveCfg = Debug|Any CPU
		{DDFEA6BF-9C1D-4E83-BB38-2C1EC46DC2B1}.Debug|Any CPU.Build.0 = Debug|Any CPU
		{DDFEA6BF-9C1D-4E83-BB38-2C1EC46DC2B1}.Release|Any CPU.ActiveCfg = Release|Any CPU
		{DDFEA6BF-9C1D-4E83-BB38-2C1EC46DC2B1}.Release|Any CPU.Build.0 = Release|Any CPU
		{FED916CA-AECC-4761-B910-39A17AC70299}.Debug|Any CPU.ActiveCfg = Debug|Any CPU
		{FED916CA-AECC-4761-B910-39A17AC70299}.Debug|Any CPU.Build.0 = Debug|Any CPU
		{FED916CA-AECC-4761-B910-39A17AC70299}.Release|Any CPU.ActiveCfg = Release|Any CPU
		{FED916CA-AECC-4761-B910-39A17AC70299}.Release|Any CPU.Build.0 = Release|Any CPU
		{ED1F6CD9-C3BA-4D27-8AC8-06DA1DEF7521}.Debug|Any CPU.ActiveCfg = Debug|Any CPU
		{ED1F6CD9-C3BA-4D27-8AC8-06DA1DEF7521}.Debug|Any CPU.Build.0 = Debug|Any CPU
		{ED1F6CD9-C3BA-4D27-8AC8-06DA1DEF7521}.Release|Any CPU.ActiveCfg = Release|Any CPU
		{ED1F6CD9-C3BA-4D27-8AC8-06DA1DEF7521}.Release|Any CPU.Build.0 = Release|Any CPU
		{A328B893-0CCA-43C4-BEED-EAD8DC35D131}.Debug|Any CPU.ActiveCfg = Debug|Any CPU
		{A328B893-0CCA-43C4-BEED-EAD8DC35D131}.Debug|Any CPU.Build.0 = Debug|Any CPU
		{A328B893-0CCA-43C4-BEED-EAD8DC35D131}.Release|Any CPU.ActiveCfg = Release|Any CPU
		{A328B893-0CCA-43C4-BEED-EAD8DC35D131}.Release|Any CPU.Build.0 = Release|Any CPU
		{171C46C6-845F-49E7-B849-521123471D66}.Debug|Any CPU.ActiveCfg = Debug|Any CPU
		{171C46C6-845F-49E7-B849-521123471D66}.Debug|Any CPU.Build.0 = Debug|Any CPU
		{171C46C6-845F-49E7-B849-521123471D66}.Release|Any CPU.ActiveCfg = Release|Any CPU
		{171C46C6-845F-49E7-B849-521123471D66}.Release|Any CPU.Build.0 = Release|Any CPU
		{7A02DFBB-0B9B-4D6B-8427-13D676D3E42A}.Debug|Any CPU.ActiveCfg = Debug|Any CPU
		{7A02DFBB-0B9B-4D6B-8427-13D676D3E42A}.Debug|Any CPU.Build.0 = Debug|Any CPU
		{7A02DFBB-0B9B-4D6B-8427-13D676D3E42A}.Release|Any CPU.ActiveCfg = Release|Any CPU
		{7A02DFBB-0B9B-4D6B-8427-13D676D3E42A}.Release|Any CPU.Build.0 = Release|Any CPU
		{729FC256-8FCE-4CD7-AB76-0387CA011256}.Debug|Any CPU.ActiveCfg = Debug|Any CPU
		{729FC256-8FCE-4CD7-AB76-0387CA011256}.Debug|Any CPU.Build.0 = Debug|Any CPU
		{729FC256-8FCE-4CD7-AB76-0387CA011256}.Release|Any CPU.ActiveCfg = Release|Any CPU
		{729FC256-8FCE-4CD7-AB76-0387CA011256}.Release|Any CPU.Build.0 = Release|Any CPU
		{ED39778A-75A7-4361-9139-3FC98512A731}.Debug|Any CPU.ActiveCfg = Debug|Any CPU
		{ED39778A-75A7-4361-9139-3FC98512A731}.Debug|Any CPU.Build.0 = Debug|Any CPU
		{ED39778A-75A7-4361-9139-3FC98512A731}.Release|Any CPU.ActiveCfg = Release|Any CPU
		{ED39778A-75A7-4361-9139-3FC98512A731}.Release|Any CPU.Build.0 = Release|Any CPU
		{1B982108-5B6A-41DE-8F33-71B4D3A2AFF4}.Debug|Any CPU.ActiveCfg = Debug|Any CPU
		{1B982108-5B6A-41DE-8F33-71B4D3A2AFF4}.Debug|Any CPU.Build.0 = Debug|Any CPU
		{1B982108-5B6A-41DE-8F33-71B4D3A2AFF4}.Release|Any CPU.ActiveCfg = Release|Any CPU
		{1B982108-5B6A-41DE-8F33-71B4D3A2AFF4}.Release|Any CPU.Build.0 = Release|Any CPU
		{7E7E0BCE-C3CE-488A-A66E-A05CCDD7EF82}.Debug|Any CPU.ActiveCfg = Debug|Any CPU
		{7E7E0BCE-C3CE-488A-A66E-A05CCDD7EF82}.Debug|Any CPU.Build.0 = Debug|Any CPU
		{7E7E0BCE-C3CE-488A-A66E-A05CCDD7EF82}.Release|Any CPU.ActiveCfg = Release|Any CPU
		{7E7E0BCE-C3CE-488A-A66E-A05CCDD7EF82}.Release|Any CPU.Build.0 = Release|Any CPU
		{6886EB29-BE1A-4E09-8DD2-E411302DFBAD}.Debug|Any CPU.ActiveCfg = Debug|Any CPU
		{6886EB29-BE1A-4E09-8DD2-E411302DFBAD}.Debug|Any CPU.Build.0 = Debug|Any CPU
		{6886EB29-BE1A-4E09-8DD2-E411302DFBAD}.Release|Any CPU.ActiveCfg = Release|Any CPU
		{6886EB29-BE1A-4E09-8DD2-E411302DFBAD}.Release|Any CPU.Build.0 = Release|Any CPU
		{68866E01-02C7-4126-A27B-B25D93DD0F11}.Debug|Any CPU.ActiveCfg = Debug|Any CPU
		{68866E01-02C7-4126-A27B-B25D93DD0F11}.Debug|Any CPU.Build.0 = Debug|Any CPU
		{68866E01-02C7-4126-A27B-B25D93DD0F11}.Release|Any CPU.ActiveCfg = Release|Any CPU
		{68866E01-02C7-4126-A27B-B25D93DD0F11}.Release|Any CPU.Build.0 = Release|Any CPU
		{3A2626F0-A955-4448-9F40-5862AA99F2F7}.Debug|Any CPU.ActiveCfg = Debug|Any CPU
		{3A2626F0-A955-4448-9F40-5862AA99F2F7}.Debug|Any CPU.Build.0 = Debug|Any CPU
		{3A2626F0-A955-4448-9F40-5862AA99F2F7}.Release|Any CPU.ActiveCfg = Release|Any CPU
		{3A2626F0-A955-4448-9F40-5862AA99F2F7}.Release|Any CPU.Build.0 = Release|Any CPU
		{909C33AD-912E-4740-A789-4F5387B9FF5B}.Debug|Any CPU.ActiveCfg = Debug|Any CPU
		{909C33AD-912E-4740-A789-4F5387B9FF5B}.Debug|Any CPU.Build.0 = Debug|Any CPU
		{909C33AD-912E-4740-A789-4F5387B9FF5B}.Release|Any CPU.ActiveCfg = Release|Any CPU
		{909C33AD-912E-4740-A789-4F5387B9FF5B}.Release|Any CPU.Build.0 = Release|Any CPU
		{FE2C80FC-C1A1-49BB-8FFE-2922D5372DAE}.Debug|Any CPU.ActiveCfg = Debug|Any CPU
		{FE2C80FC-C1A1-49BB-8FFE-2922D5372DAE}.Debug|Any CPU.Build.0 = Debug|Any CPU
		{FE2C80FC-C1A1-49BB-8FFE-2922D5372DAE}.Release|Any CPU.ActiveCfg = Release|Any CPU
		{FE2C80FC-C1A1-49BB-8FFE-2922D5372DAE}.Release|Any CPU.Build.0 = Release|Any CPU
		{3AF099CF-72AD-44F2-AD14-0EA8D878674A}.Debug|Any CPU.ActiveCfg = Debug|Any CPU
		{3AF099CF-72AD-44F2-AD14-0EA8D878674A}.Debug|Any CPU.Build.0 = Debug|Any CPU
		{3AF099CF-72AD-44F2-AD14-0EA8D878674A}.Release|Any CPU.ActiveCfg = Release|Any CPU
		{3AF099CF-72AD-44F2-AD14-0EA8D878674A}.Release|Any CPU.Build.0 = Release|Any CPU
		{80B489D9-3165-4AD5-B244-6BBD17902159}.Debug|Any CPU.ActiveCfg = Debug|Any CPU
		{80B489D9-3165-4AD5-B244-6BBD17902159}.Debug|Any CPU.Build.0 = Debug|Any CPU
		{80B489D9-3165-4AD5-B244-6BBD17902159}.Release|Any CPU.ActiveCfg = Release|Any CPU
		{80B489D9-3165-4AD5-B244-6BBD17902159}.Release|Any CPU.Build.0 = Release|Any CPU
		{971543A1-265D-49CB-94D9-3FDFEA726475}.Debug|Any CPU.ActiveCfg = Debug|Any CPU
		{971543A1-265D-49CB-94D9-3FDFEA726475}.Debug|Any CPU.Build.0 = Debug|Any CPU
		{971543A1-265D-49CB-94D9-3FDFEA726475}.Release|Any CPU.ActiveCfg = Release|Any CPU
		{971543A1-265D-49CB-94D9-3FDFEA726475}.Release|Any CPU.Build.0 = Release|Any CPU
		{4981646D-5E00-44C6-B248-5C5577B21BDE}.Debug|Any CPU.ActiveCfg = Debug|Any CPU
		{4981646D-5E00-44C6-B248-5C5577B21BDE}.Debug|Any CPU.Build.0 = Debug|Any CPU
		{4981646D-5E00-44C6-B248-5C5577B21BDE}.Release|Any CPU.ActiveCfg = Release|Any CPU
		{4981646D-5E00-44C6-B248-5C5577B21BDE}.Release|Any CPU.Build.0 = Release|Any CPU
	EndGlobalSection
	GlobalSection(SolutionProperties) = preSolution
		HideSolutionNode = FALSE
	EndGlobalSection
	GlobalSection(NestedProjects) = preSolution
		{FED916CA-AECC-4761-B910-39A17AC70299} = {82649A75-8820-4503-808C-8DF1F907774C}
		{ED1F6CD9-C3BA-4D27-8AC8-06DA1DEF7521} = {82649A75-8820-4503-808C-8DF1F907774C}
		{A328B893-0CCA-43C4-BEED-EAD8DC35D131} = {82649A75-8820-4503-808C-8DF1F907774C}
		{171C46C6-845F-49E7-B849-521123471D66} = {99C94D48-0FC6-45B7-B702-CA2DDF082788}
		{7A02DFBB-0B9B-4D6B-8427-13D676D3E42A} = {99C94D48-0FC6-45B7-B702-CA2DDF082788}
		{729FC256-8FCE-4CD7-AB76-0387CA011256} = {99C94D48-0FC6-45B7-B702-CA2DDF082788}
		{ED39778A-75A7-4361-9139-3FC98512A731} = {F23A3775-17D9-4138-BBA4-F4201FDE76D0}
		{1B982108-5B6A-41DE-8F33-71B4D3A2AFF4} = {F23A3775-17D9-4138-BBA4-F4201FDE76D0}
		{7E7E0BCE-C3CE-488A-A66E-A05CCDD7EF82} = {F23A3775-17D9-4138-BBA4-F4201FDE76D0}
		{6886EB29-BE1A-4E09-8DD2-E411302DFBAD} = {0292DA7C-4B5B-46DE-8A97-DE84B47F87D8}
		{68866E01-02C7-4126-A27B-B25D93DD0F11} = {0292DA7C-4B5B-46DE-8A97-DE84B47F87D8}
		{3A2626F0-A955-4448-9F40-5862AA99F2F7} = {0292DA7C-4B5B-46DE-8A97-DE84B47F87D8}
		{909C33AD-912E-4740-A789-4F5387B9FF5B} = {8A15BDF2-F352-41F7-B55A-1932C9527B8A}
		{FE2C80FC-C1A1-49BB-8FFE-2922D5372DAE} = {8A15BDF2-F352-41F7-B55A-1932C9527B8A}
		{3AF099CF-72AD-44F2-AD14-0EA8D878674A} = {8A15BDF2-F352-41F7-B55A-1932C9527B8A}
		{80B489D9-3165-4AD5-B244-6BBD17902159} = {7A3DB6B6-DE3E-4C03-A0F1-5B9EEBB22C70}
		{971543A1-265D-49CB-94D9-3FDFEA726475} = {7A3DB6B6-DE3E-4C03-A0F1-5B9EEBB22C70}
		{4981646D-5E00-44C6-B248-5C5577B21BDE} = {7A3DB6B6-DE3E-4C03-A0F1-5B9EEBB22C70}
	EndGlobalSection
	GlobalSection(ExtensibilityGlobals) = postSolution
		SolutionGuid = {F66BFFE3-7492-4E8B-A83C-693D1930CE1B}
	EndGlobalSection
EndGlobal
